
Microsoft Visual Studio Solution File, Format Version 12.00
# Visual Studio Version 17
VisualStudioVersion = 17.3.32922.545
MinimumVisualStudioVersion = 10.0.40219.1
Project("{8BC9CEB8-8B4A-11D0-8D11-00A0C91BC942}") = "Test_task_ForwardDevelopment", "Test_task_ForwardDevelopment\Test_task_ForwardDevelopment.vcxproj", "{998DE920-CAEF-4234-8051-2FCCD61DEFFF}"
EndProject
Global
	GlobalSection(SolutionConfigurationPlatforms) = preSolution
		Debug|x64 = Debug|x64
		Debug|x86 = Debug|x86
		Release|x64 = Release|x64
		Release|x86 = Release|x86
	EndGlobalSection
	GlobalSection(ProjectConfigurationPlatforms) = postSolution
		{998DE920-CAEF-4234-8051-2FCCD61DEFFF}.Debug|x64.ActiveCfg = Debug|x64
		{998DE920-CAEF-4234-8051-2FCCD61DEFFF}.Debug|x64.Build.0 = Debug|x64
		{998DE920-CAEF-4234-8051-2FCCD61DEFFF}.Debug|x86.ActiveCfg = Debug|Win32
		{998DE920-CAEF-4234-8051-2FCCD61DEFFF}.Debug|x86.Build.0 = Debug|Win32
		{998DE920-CAEF-4234-8051-2FCCD61DEFFF}.Release|x64.ActiveCfg = Release|x64
		{998DE920-CAEF-4234-8051-2FCCD61DEFFF}.Release|x64.Build.0 = Release|x64
		{998DE920-CAEF-4234-8051-2FCCD61DEFFF}.Release|x86.ActiveCfg = Release|Win32
		{998DE920-CAEF-4234-8051-2FCCD61DEFFF}.Release|x86.Build.0 = Release|Win32
	EndGlobalSection
	GlobalSection(SolutionProperties) = preSolution
		HideSolutionNode = FALSE
	EndGlobalSection
	GlobalSection(ExtensibilityGlobals) = postSolution
		SolutionGuid = {A161AAE0-A3A3-4248-95D5-E3F165139A6A}
	EndGlobalSection
EndGlobal
